
Microsoft Visual Studio Solution File, Format Version 12.00
# Visual Studio Version 16
VisualStudioVersion = 16.0.30523.141
MinimumVisualStudioVersion = 10.0.40219.1
Project("{FAE04EC0-301F-11D3-BF4B-00C04F79EFBC}") = "PracticaLinq.UI", "PracticaLinq.UI\PracticaLinq.UI.csproj", "{3EB66A1D-0FA0-4863-B31B-27C6860F7FB4}"
EndProject
Project("{FAE04EC0-301F-11D3-BF4B-00C04F79EFBC}") = "LinqData", "LinqData\LinqData.csproj", "{6DF78A55-0DFD-426C-9F36-39146A7E6D41}"
EndProject
Project("{FAE04EC0-301F-11D3-BF4B-00C04F79EFBC}") = "LinqEntity", "LinqEntity\LinqEntity.csproj", "{A49414A6-6B18-40C7-8618-6129766F4025}"
EndProject
Project("{FAE04EC0-301F-11D3-BF4B-00C04F79EFBC}") = "LinqLogic", "LinqLogic\LinqLogic.csproj", "{6964D86C-D77D-4D21-B24A-2DB17FDD9FC4}"
EndProject
Global
	GlobalSection(SolutionConfigurationPlatforms) = preSolution
		Debug|Any CPU = Debug|Any CPU
		Release|Any CPU = Release|Any CPU
	EndGlobalSection
	GlobalSection(ProjectConfigurationPlatforms) = postSolution
		{3EB66A1D-0FA0-4863-B31B-27C6860F7FB4}.Debug|Any CPU.ActiveCfg = Debug|Any CPU
		{3EB66A1D-0FA0-4863-B31B-27C6860F7FB4}.Debug|Any CPU.Build.0 = Debug|Any CPU
		{3EB66A1D-0FA0-4863-B31B-27C6860F7FB4}.Release|Any CPU.ActiveCfg = Release|Any CPU
		{3EB66A1D-0FA0-4863-B31B-27C6860F7FB4}.Release|Any CPU.Build.0 = Release|Any CPU
		{6DF78A55-0DFD-426C-9F36-39146A7E6D41}.Debug|Any CPU.ActiveCfg = Debug|Any CPU
		{6DF78A55-0DFD-426C-9F36-39146A7E6D41}.Debug|Any CPU.Build.0 = Debug|Any CPU
		{6DF78A55-0DFD-426C-9F36-39146A7E6D41}.Release|Any CPU.ActiveCfg = Release|Any CPU
		{6DF78A55-0DFD-426C-9F36-39146A7E6D41}.Release|Any CPU.Build.0 = Release|Any CPU
		{A49414A6-6B18-40C7-8618-6129766F4025}.Debug|Any CPU.ActiveCfg = Debug|Any CPU
		{A49414A6-6B18-40C7-8618-6129766F4025}.Debug|Any CPU.Build.0 = Debug|Any CPU
		{A49414A6-6B18-40C7-8618-6129766F4025}.Release|Any CPU.ActiveCfg = Release|Any CPU
		{A49414A6-6B18-40C7-8618-6129766F4025}.Release|Any CPU.Build.0 = Release|Any CPU
		{6964D86C-D77D-4D21-B24A-2DB17FDD9FC4}.Debug|Any CPU.ActiveCfg = Debug|Any CPU
		{6964D86C-D77D-4D21-B24A-2DB17FDD9FC4}.Debug|Any CPU.Build.0 = Debug|Any CPU
		{6964D86C-D77D-4D21-B24A-2DB17FDD9FC4}.Release|Any CPU.ActiveCfg = Release|Any CPU
		{6964D86C-D77D-4D21-B24A-2DB17FDD9FC4}.Release|Any CPU.Build.0 = Release|Any CPU
	EndGlobalSection
	GlobalSection(SolutionProperties) = preSolution
		HideSolutionNode = FALSE
	EndGlobalSection
	GlobalSection(ExtensibilityGlobals) = postSolution
		SolutionGuid = {CF6684E1-DD3A-4E77-898F-D86B56EE8A6C}
	EndGlobalSection
EndGlobal
